
Microsoft Visual Studio Solution File, Format Version 12.00
# Visual Studio Version 17
VisualStudioVersion = 17.2.32602.215
MinimumVisualStudioVersion = 10.0.40219.1
Project("{2150E333-8FDC-42A3-9474-1A3956D46DE8}") = "05 WinApp.Host", "05 WinApp.Host", "{78F28EF5-9FC9-4D59-B5CE-8BDB8CDC3335}"
EndProject
Project("{2150E333-8FDC-42A3-9474-1A3956D46DE8}") = "03 WinApp.DataProviders", "03 WinApp.DataProviders", "{4EBAB9A0-C529-42EC-A485-11D1A3262E5F}"
EndProject
Project("{2150E333-8FDC-42A3-9474-1A3956D46DE8}") = "04 WinApp.SqlProvider", "04 WinApp.SqlProvider", "{28ADAE17-B2D6-4010-9534-B45E1FC4AFE2}"
EndProject
Project("{9A19103F-16F7-4668-BE54-9A1E7A4F7556}") = "WinApp", "WinFormsApp\WinApp.csproj", "{72C7068F-5A08-45A1-91F7-952E248A5588}"
EndProject
Project("{9A19103F-16F7-4668-BE54-9A1E7A4F7556}") = "WinApp.DataProviders", "DataAccess\WinApp.DataProviders.csproj", "{F70FF238-8F54-4256-9B9B-F4BDF87B38C2}"
EndProject
Project("{9A19103F-16F7-4668-BE54-9A1E7A4F7556}") = "WinApp.SqlProvider", "BusinessObject\WinApp.SqlProvider.csproj", "{2CBD1E30-68BE-47D4-8970-B25CC5680156}"
EndProject
Project("{2150E333-8FDC-42A3-9474-1A3956D46DE8}") = "01 WinApp.Core", "01 WinApp.Core", "{810752EF-5D5A-4AC5-B69F-C2076AA57353}"
EndProject
Project("{2150E333-8FDC-42A3-9474-1A3956D46DE8}") = "02 WinApp.Databases", "02 WinApp.Databases", "{83DDABD5-49DE-4922-BFCE-4C97CF395C2F}"
EndProject
Project("{9A19103F-16F7-4668-BE54-9A1E7A4F7556}") = "WinApp.Core", "WinApp.Core\WinApp.Core.csproj", "{393E3CD7-30CE-462E-9879-7715BE10D369}"
EndProject
Project("{00D1A9C2-B5F0-4AF3-8072-F6C62B433612}") = "WinApp.Databases", "WinApp.Databases\WinApp.Databases.sqlproj", "{F640C26B-A32D-46F9-9AE4-2CC2CEAF7195}"
EndProject
Project("{2150E333-8FDC-42A3-9474-1A3956D46DE8}") = "06 Notes", "06 Notes", "{253971C8-2E76-4A9B-95CE-9AA2F385C810}"
	ProjectSection(SolutionItems) = preProject
		note.txt = note.txt
	EndProjectSection
EndProject
Global
	GlobalSection(SolutionConfigurationPlatforms) = preSolution
		Debug|Any CPU = Debug|Any CPU
		Release|Any CPU = Release|Any CPU
	EndGlobalSection
	GlobalSection(ProjectConfigurationPlatforms) = postSolution
		{72C7068F-5A08-45A1-91F7-952E248A5588}.Debug|Any CPU.ActiveCfg = Debug|Any CPU
		{72C7068F-5A08-45A1-91F7-952E248A5588}.Debug|Any CPU.Build.0 = Debug|Any CPU
		{72C7068F-5A08-45A1-91F7-952E248A5588}.Release|Any CPU.ActiveCfg = Release|Any CPU
		{72C7068F-5A08-45A1-91F7-952E248A5588}.Release|Any CPU.Build.0 = Release|Any CPU
		{F70FF238-8F54-4256-9B9B-F4BDF87B38C2}.Debug|Any CPU.ActiveCfg = Debug|Any CPU
		{F70FF238-8F54-4256-9B9B-F4BDF87B38C2}.Debug|Any CPU.Build.0 = Debug|Any CPU
		{F70FF238-8F54-4256-9B9B-F4BDF87B38C2}.Release|Any CPU.ActiveCfg = Release|Any CPU
		{F70FF238-8F54-4256-9B9B-F4BDF87B38C2}.Release|Any CPU.Build.0 = Release|Any CPU
		{2CBD1E30-68BE-47D4-8970-B25CC5680156}.Debug|Any CPU.ActiveCfg = Debug|Any CPU
		{2CBD1E30-68BE-47D4-8970-B25CC5680156}.Debug|Any CPU.Build.0 = Debug|Any CPU
		{2CBD1E30-68BE-47D4-8970-B25CC5680156}.Release|Any CPU.ActiveCfg = Release|Any CPU
		{2CBD1E30-68BE-47D4-8970-B25CC5680156}.Release|Any CPU.Build.0 = Release|Any CPU
		{393E3CD7-30CE-462E-9879-7715BE10D369}.Debug|Any CPU.ActiveCfg = Debug|Any CPU
		{393E3CD7-30CE-462E-9879-7715BE10D369}.Debug|Any CPU.Build.0 = Debug|Any CPU
		{393E3CD7-30CE-462E-9879-7715BE10D369}.Release|Any CPU.ActiveCfg = Release|Any CPU
		{393E3CD7-30CE-462E-9879-7715BE10D369}.Release|Any CPU.Build.0 = Release|Any CPU
		{F640C26B-A32D-46F9-9AE4-2CC2CEAF7195}.Debug|Any CPU.ActiveCfg = Debug|Any CPU
		{F640C26B-A32D-46F9-9AE4-2CC2CEAF7195}.Debug|Any CPU.Build.0 = Debug|Any CPU
		{F640C26B-A32D-46F9-9AE4-2CC2CEAF7195}.Debug|Any CPU.Deploy.0 = Debug|Any CPU
		{F640C26B-A32D-46F9-9AE4-2CC2CEAF7195}.Release|Any CPU.ActiveCfg = Release|Any CPU
		{F640C26B-A32D-46F9-9AE4-2CC2CEAF7195}.Release|Any CPU.Build.0 = Release|Any CPU
		{F640C26B-A32D-46F9-9AE4-2CC2CEAF7195}.Release|Any CPU.Deploy.0 = Release|Any CPU
	EndGlobalSection
	GlobalSection(SolutionProperties) = preSolution
		HideSolutionNode = FALSE
	EndGlobalSection
	GlobalSection(NestedProjects) = preSolution
		{72C7068F-5A08-45A1-91F7-952E248A5588} = {78F28EF5-9FC9-4D59-B5CE-8BDB8CDC3335}
		{F70FF238-8F54-4256-9B9B-F4BDF87B38C2} = {4EBAB9A0-C529-42EC-A485-11D1A3262E5F}
		{2CBD1E30-68BE-47D4-8970-B25CC5680156} = {28ADAE17-B2D6-4010-9534-B45E1FC4AFE2}
		{393E3CD7-30CE-462E-9879-7715BE10D369} = {810752EF-5D5A-4AC5-B69F-C2076AA57353}
		{F640C26B-A32D-46F9-9AE4-2CC2CEAF7195} = {83DDABD5-49DE-4922-BFCE-4C97CF395C2F}
	EndGlobalSection
	GlobalSection(ExtensibilityGlobals) = postSolution
		SolutionGuid = {BA66E821-FBA1-40D2-BD02-01C156E6DB2F}
	EndGlobalSection
EndGlobal
